// !$*UTF8*$!
{
	archiveVersion = 1;
	classes = {
	};
	objectVersion = 46;
	objects = {

/* Begin PBXBuildFile section */
		B6ECE4851EDDC60500093CFC /* AppDelegate.swift in Sources */ = {isa = PBXBuildFile; fileRef = B6ECE4841EDDC60500093CFC /* AppDelegate.swift */; };
		B6ECE4871EDDC60500093CFC /* ViewController.swift in Sources */ = {isa = PBXBuildFile; fileRef = B6ECE4861EDDC60500093CFC /* ViewController.swift */; };
		B6ECE48A1EDDC60500093CFC /* Main.storyboard in Resources */ = {isa = PBXBuildFile; fileRef = B6ECE4881EDDC60500093CFC /* Main.storyboard */; };
		B6ECE48C1EDDC60500093CFC /* Assets.xcassets in Resources */ = {isa = PBXBuildFile; fileRef = B6ECE48B1EDDC60500093CFC /* Assets.xcassets */; };
		B6ECE48F1EDDC60500093CFC /* LaunchScreen.storyboard in Resources */ = {isa = PBXBuildFile; fileRef = B6ECE48D1EDDC60500093CFC /* LaunchScreen.storyboard */; };
		B6ECE4B71EDEBA4400093CFC /* PitchViewController.swift in Sources */ = {isa = PBXBuildFile; fileRef = B6ECE4B61EDEBA4400093CFC /* PitchViewController.swift */; };
/* End PBXBuildFile section */

/* Begin PBXFileReference section */
		B6ECE4811EDDC60500093CFC /* PitchPerfect3.app */ = {isa = PBXFileReference; explicitFileType = wrapper.application; includeInIndex = 0; path = PitchPerfect3.app; sourceTree = BUILT_PRODUCTS_DIR; };
		B6ECE4841EDDC60500093CFC /* AppDelegate.swift */ = {isa = PBXFileReference; lastKnownFileType = sourcecode.swift; path = AppDelegate.swift; sourceTree = "<group>"; };
		B6ECE4861EDDC60500093CFC /* ViewController.swift */ = {isa = PBXFileReference; lastKnownFileType = sourcecode.swift; path = ViewController.swift; sourceTree = "<group>"; };
		B6ECE4891EDDC60500093CFC /* Base */ = {isa = PBXFileReference; lastKnownFileType = file.storyboard; name = Base; path = Base.lproj/Main.storyboard; sourceTree = "<group>"; };
		B6ECE48B1EDDC60500093CFC /* Assets.xcassets */ = {isa = PBXFileReference; lastKnownFileType = folder.assetcatalog; path = Assets.xcassets; sourceTree = "<group>"; };
		B6ECE48E1EDDC60500093CFC /* Base */ = {isa = PBXFileReference; lastKnownFileType = file.storyboard; name = Base; path = Base.lproj/LaunchScreen.storyboard; sourceTree = "<group>"; };
		B6ECE4901EDDC60500093CFC /* Info.plist */ = {isa = PBXFileReference; lastKnownFileType = text.plist.xml; path = Info.plist; sourceTree = "<group>"; };
		B6ECE4B61EDEBA4400093CFC /* PitchViewController.swift */ = {isa = PBXFileReference; fileEncoding = 4; lastKnownFileType = sourcecode.swift; path = PitchViewController.swift; sourceTree = "<group>"; };
/* End PBXFileReference section */

/* Begin PBXFrameworksBuildPhase section */
		B6ECE47E1EDDC60500093CFC /* Frameworks */ = {
			isa = PBXFrameworksBuildPhase;
			buildActionMask = 2147483647;
			files = (
			);
			runOnlyForDeploymentPostprocessing = 0;
		};
/* End PBXFrameworksBuildPhase section */

/* Begin PBXGroup section */
		B6ECE4781EDDC60500093CFC = {
			isa = PBXGroup;
			children = (
				B6ECE4831EDDC60500093CFC /* PitchPerfect3 */,
				B6ECE4821EDDC60500093CFC /* Products */,
			);
			sourceTree = "<group>";
		};
		B6ECE4821EDDC60500093CFC /* Products */ = {
			isa = PBXGroup;
			children = (
				B6ECE4811EDDC60500093CFC /* PitchPerfect3.app */,
			);
			name = Products;
			sourceTree = "<group>";
		};
		B6ECE4831EDDC60500093CFC /* PitchPerfect3 */ = {
			isa = PBXGroup;
			children = (
				B6ECE4841EDDC60500093CFC /* AppDelegate.swift */,
				B6ECE4861EDDC60500093CFC /* ViewController.swift */,
				B6ECE4B61EDEBA4400093CFC /* PitchViewController.swift */,
				B6ECE4881EDDC60500093CFC /* Main.storyboard */,
				B6ECE48B1EDDC60500093CFC /* Assets.xcassets */,
				B6ECE48D1EDDC60500093CFC /* LaunchScreen.storyboard */,
				B6ECE4901EDDC60500093CFC /* Info.plist */,
			);
			path = PitchPerfect3;
			sourceTree = "<group>";
		};
/* End PBXGroup section */

/* Begin PBXNativeTarget section */
		B6ECE4801EDDC60500093CFC /* PitchPerfect3 */ = {
			isa = PBXNativeTarget;
			buildConfigurationList = B6ECE4931EDDC60500093CFC /* Build configuration list for PBXNativeTarget "PitchPerfect3" */;
			buildPhases = (
				B6ECE47D1EDDC60500093CFC /* Sources */,
				B6ECE47E1EDDC60500093CFC /* Frameworks */,
				B6ECE47F1EDDC60500093CFC /* Resources */,
			);
			buildRules = (
			);
			dependencies = (
			);
			name = PitchPerfect3;
			productName = PitchPerfect3;
			productReference = B6ECE4811EDDC60500093CFC /* PitchPerfect3.app */;
			productType = "com.apple.product-type.application";
		};
/* End PBXNativeTarget section */

/* Begin PBXProject section */
		B6ECE4791EDDC60500093CFC /* Project object */ = {
			isa = PBXProject;
			attributes = {
				LastSwiftUpdateCheck = 0830;
				LastUpgradeCheck = 0830;
				ORGANIZATIONNAME = "Jon Nelson";
				TargetAttributes = {
					B6ECE4801EDDC60500093CFC = {
						CreatedOnToolsVersion = 8.3.2;
						DevelopmentTeam = V2SYTB72GZ;
						ProvisioningStyle = Automatic;
					};
				};
			};
			buildConfigurationList = B6ECE47C1EDDC60500093CFC /* Build configuration list for PBXProject "PitchPerfect3" */;
			compatibilityVersion = "Xcode 3.2";
			developmentRegion = English;
			hasScannedForEncodings = 0;
			knownRegions = (
				en,
				Base,
			);
			mainGroup = B6ECE4781EDDC60500093CFC;
			productRefGroup = B6ECE4821EDDC60500093CFC /* Products */;
			projectDirPath = "";
			projectRoot = "";
			targets = (
				B6ECE4801EDDC60500093CFC /* PitchPerfect3 */,
			);
		};
/* End PBXProject section */

/* Begin PBXResourcesBuildPhase section */
		B6ECE47F1EDDC60500093CFC /* Resources */ = {
			isa = PBXResourcesBuildPhase;
			buildActionMask = 2147483647;
			files = (
				B6ECE48F1EDDC60500093CFC /* LaunchScreen.storyboard in Resources */,
				B6ECE48C1EDDC60500093CFC /* Assets.xcassets in Resources */,
				B6ECE48A1EDDC60500093CFC /* Main.storyboard in Resources */,
			);
			runOnlyForDeploymentPostprocessing = 0;
		};
/* End PBXResourcesBuildPhase section */

/* Begin PBXSourcesBuildPhase section */
		B6ECE47D1EDDC60500093CFC /* Sources */ = {
			isa = PBXSourcesBuildPhase;
			buildActionMask = 2147483647;
			files = (
				B6ECE4871EDDC60500093CFC /* ViewController.swift in Sources */,
				B6ECE4851EDDC60500093CFC /* AppDelegate.swift in Sources */,
				B6ECE4B71EDEBA4400093CFC /* PitchViewController.swift in Sources */,
			);
			runOnlyForDeploymentPostprocessing = 0;
		};
/* End PBXSourcesBuildPhase section */

/* Begin PBXVariantGroup section */
		B6ECE4881EDDC60500093CFC /* Main.storyboard */ = {
			isa = PBXVariantGroup;
			children = (
				B6ECE4891EDDC60500093CFC /* Base */,
			);
			name = Main.storyboard;
			sourceTree = "<group>";
		};
		B6ECE48D1EDDC60500093CFC /* LaunchScreen.storyboard */ = {
			isa = PBXVariantGroup;
			children = (
				B6ECE48E1EDDC60500093CFC /* Base */,
			);
			name = LaunchScreen.storyboard;
			sourceTree = "<group>";
		};
/* End PBXVariantGroup section */

/* Begin XCBuildConfiguration section */
		B6ECE4911EDDC60500093CFC /* Debug */ = {
			isa = XCBuildConfiguration;
			buildSettings = {
				ALWAYS_SEARCH_USER_PATHS = NO;
				CLANG_ANALYZER_NONNULL = YES;
				CLANG_ANALYZER_NUMBER_OBJECT_CONVERSION = YES_AGGRESSIVE;
				CLANG_CXX_LANGUAGE_STANDARD = "gnu++0x";
				CLANG_CXX_LIBRARY = "libc++";
				CLANG_ENABLE_MODULES = YES;
				CLANG_ENABLE_OBJC_ARC = YES;
				CLANG_WARN_BOOL_CONVERSION = YES;
				CLANG_WARN_CONSTANT_CONVERSION = YES;
				CLANG_WARN_DIRECT_OBJC_ISA_USAGE = YES_ERROR;
				CLANG_WARN_DOCUMENTATION_COMMENTS = YES;
				CLANG_WARN_EMPTY_BODY = YES;
				CLANG_WARN_ENUM_CONVERSION = YES;
				CLANG_WARN_INFINITE_RECURSION = YES;
				CLANG_WARN_INT_CONVERSION = YES;
				CLANG_WARN_OBJC_ROOT_CLASS = YES_ERROR;
				CLANG_WARN_SUSPICIOUS_MOVE = YES;
				CLANG_WARN_UNREACHABLE_CODE = YES;
				CLANG_WARN__DUPLICATE_METHOD_MATCH = YES;
				"CODE_SIGN_IDENTITY[sdk=iphoneos*]" = "iPhone Developer";
				COPY_PHASE_STRIP = NO;
				DEBUG_INFORMATION_FORMAT = dwarf;
				ENABLE_STRICT_OBJC_MSGSEND = YES;
				ENABLE_TESTABILITY = YES;
				GCC_C_LANGUAGE_STANDARD = gnu99;
				GCC_DYNAMIC_NO_PIC = NO;
				GCC_NO_COMMON_BLOCKS = YES;
				GCC_OPTIMIZATION_LEVEL = 0;
				GCC_PREPROCESSOR_DEFINITIONS = (
					"DEBUG=1",
					"$(inherited)",
				);
				GCC_WARN_64_TO_32_BIT_CONVERSION = YES;
				GCC_WARN_ABOUT_RETURN_TYPE = YES_ERROR;
				GCC_WARN_UNDECLARED_SELECTOR = YES;
				GCC_WARN_UNINITIALIZED_AUTOS = YES_AGGRESSIVE;
				GCC_WARN_UNUSED_FUNCTION = YES;
				GCC_WARN_UNUSED_VARIABLE = YES;
				IPHONEOS_DEPLOYMENT_TARGET = 10.3;
				MTL_ENABLE_DEBUG_INFO = YES;
				ONLY_ACTIVE_ARCH = YES;
				SDKROOT = iphoneos;
				SWIFT_ACTIVE_COMPILATION_CONDITIONS = DEBUG;
				SWIFT_OPTIMIZATION_LEVEL = "-Onone";
				TARGETED_DEVICE_FAMILY = "1,2";
			};
			name = Debug;
		};
		B6ECE4921EDDC60500093CFC /* Release */ = {
			isa = XCBuildConfiguration;
			buildSettings = {
				ALWAYS_SEARCH_USER_PATHS = NO;
				CLANG_ANALYZER_NONNULL = YES;
				CLANG_ANALYZER_NUMBER_OBJECT_CONVERSION = YES_AGGRESSIVE;
				CLANG_CXX_LANGUAGE_STANDARD = "gnu++0x";
				CLANG_CXX_LIBRARY = "libc++";
				CLANG_ENABLE_MODULES = YES;
				CLANG_ENABLE_OBJC_ARC = YES;
				CLANG_WARN_BOOL_CONVERSION = YES;
				CLANG_WARN_CONSTANT_CONVERSION = YES;
				CLANG_WARN_DIRECT_OBJC_ISA_USAGE = YES_ERROR;
				CLANG_WARN_DOCUMENTATION_COMMENTS = YES;
				CLANG_WARN_EMPTY_BODY = YES;
				CLANG_WARN_ENUM_CONVERSION = YES;
				CLANG_WARN_INFINITE_RECURSION = YES;
				CLANG_WARN_INT_CONVERSION = YES;
				CLANG_WARN_OBJC_ROOT_CLASS = YES_ERROR;
				CLANG_WARN_SUSPICIOUS_MOVE = YES;
				CLANG_WARN_UNREACHABLE_CODE = YES;
				CLANG_WARN__DUPLICATE_METHOD_MATCH = YES;
				"CODE_SIGN_IDENTITY[sdk=iphoneos*]" = "iPhone Developer";
				COPY_PHASE_STRIP = NO;
				DEBUG_INFORMATION_FORMAT = "dwarf-with-dsym";
				ENABLE_NS_ASSERTIONS = NO;
				ENABLE_STRICT_OBJC_MSGSEND = YES;
				GCC_C_LANGUAGE_STANDARD = gnu99;
				GCC_NO_COMMON_BLOCKS = YES;
				GCC_WARN_64_TO_32_BIT_CONVERSION = YES;
				GCC_WARN_ABOUT_RETURN_TYPE = YES_ERROR;
				GCC_WARN_UNDECLARED_SELECTOR = YES;
				GCC_WARN_UNINITIALIZED_AUTOS = YES_AGGRESSIVE;
				GCC_WARN_UNUSED_FUNCTION = YES;
				GCC_WARN_UNUSED_VARIABLE = YES;
				IPHONEOS_DEPLOYMENT_TARGET = 10.3;
				MTL_ENABLE_DEBUG_INFO = NO;
				SDKROOT = iphoneos;
				SWIFT_OPTIMIZATION_LEVEL = "-Owholemodule";
				TARGETED_DEVICE_FAMILY = "1,2";
				VALIDATE_PRODUCT = YES;
			};
			name = Release;
		};
		B6ECE4941EDDC60500093CFC /* Debug */ = {
			isa = XCBuildConfiguration;
			buildSettings = {
				ASSETCATALOG_COMPILER_APPICON_NAME = AppIcon;
				DEVELOPMENT_TEAM = V2SYTB72GZ;
				INFOPLIST_FILE = PitchPerfect3/Info.plist;
				LD_RUNPATH_SEARCH_PATHS = "$(inherited) @executable_path/Frameworks";
				PRODUCT_BUNDLE_IDENTIFIER = "Jon-Nelson.PitchPerfect3";
				PRODUCT_NAME = "$(TARGET_NAME)";
				SWIFT_VERSION = 3.0;
			};
			name = Debug;
		};
		B6ECE4951EDDC60500093CFC /* Release */ = {
			isa = XCBuildConfiguration;
			buildSettings = {
				ASSETCATALOG_COMPILER_APPICON_NAME = AppIcon;
				DEVELOPMENT_TEAM = V2SYTB72GZ;
				INFOPLIST_FILE = PitchPerfect3/Info.plist;
				LD_RUNPATH_SEARCH_PATHS = "$(inherited) @executable_path/Frameworks";
				PRODUCT_BUNDLE_IDENTIFIER = "Jon-Nelson.PitchPerfect3";
				PRODUCT_NAME = "$(TARGET_NAME)";
				SWIFT_VERSION = 3.0;
			};
			name = Release;
		};
/* End XCBuildConfiguration section */

/* Begin XCConfigurationList section */
		B6ECE47C1EDDC60500093CFC /* Build configuration list for PBXProject "PitchPerfect3" */ = {
			isa = XCConfigurationList;
			buildConfigurations = (
				B6ECE4911EDDC60500093CFC /* Debug */,
				B6ECE4921EDDC60500093CFC /* Release */,
			);
			defaultConfigurationIsVisible = 0;
			defaultConfigurationName = Release;
		};
		B6ECE4931EDDC60500093CFC /* Build configuration list for PBXNativeTarget "PitchPerfect3" */ = {
			isa = XCConfigurationList;
			buildConfigurations = (
				B6ECE4941EDDC60500093CFC /* Debug */,
				B6ECE4951EDDC60500093CFC /* Release */,
			);
			defaultConfigurationIsVisible = 0;
			defaultConfigurationName = Release;
		};
/* End XCConfigurationList section */
	};
	rootObject = B6ECE4791EDDC60500093CFC /* Project object */;
}
